
Microsoft Visual Studio Solution File, Format Version 12.00
# Visual Studio Version 17
VisualStudioVersion = 17.13.35828.75
MinimumVisualStudioVersion = 10.0.40219.1
Project("{FAE04EC0-301F-11D3-BF4B-00C04F79EFBC}") = "Blazor.ViewportListener.Client.Demo", "Source\Blazor.ViewportListener.Client.Demo\Blazor.ViewportListener.Client.Demo.csproj", "{8D05C368-5A7B-C701-5684-8454B98E23AF}"
EndProject
Project("{FAE04EC0-301F-11D3-BF4B-00C04F79EFBC}") = "Blazor.ViewportListener.Server.Demo", "Source\Blazor.ViewportListener.Server.Demo\Blazor.ViewportListener.Server.Demo.csproj", "{C0D677A5-2B49-BAAE-F4A0-9F8F8966BA48}"
EndProject
Project("{2150E333-8FDC-42A3-9474-1A3956D46DE8}") = "Source", "Source", "{02EA681E-C7D8-13C7-8484-4AC65E1B71E8}"
EndProject
Project("{FAE04EC0-301F-11D3-BF4B-00C04F79EFBC}") = "Blazor.ViewportListener", "Source\Blazor.ViewportListener\Blazor.ViewportListener.csproj", "{5FB6E135-4FCA-4540-B75D-356DCF636CCB}"
EndProject
Global
	GlobalSection(SolutionConfigurationPlatforms) = preSolution
		Debug|Any CPU = Debug|Any CPU
		Release|Any CPU = Release|Any CPU
	EndGlobalSection
	GlobalSection(ProjectConfigurationPlatforms) = postSolution
		{8D05C368-5A7B-C701-5684-8454B98E23AF}.Debug|Any CPU.ActiveCfg = Debug|Any CPU
		{8D05C368-5A7B-C701-5684-8454B98E23AF}.Debug|Any CPU.Build.0 = Debug|Any CPU
		{8D05C368-5A7B-C701-5684-8454B98E23AF}.Release|Any CPU.ActiveCfg = Release|Any CPU
		{8D05C368-5A7B-C701-5684-8454B98E23AF}.Release|Any CPU.Build.0 = Release|Any CPU
		{C0D677A5-2B49-BAAE-F4A0-9F8F8966BA48}.Debug|Any CPU.ActiveCfg = Debug|Any CPU
		{C0D677A5-2B49-BAAE-F4A0-9F8F8966BA48}.Debug|Any CPU.Build.0 = Debug|Any CPU
		{C0D677A5-2B49-BAAE-F4A0-9F8F8966BA48}.Release|Any CPU.ActiveCfg = Release|Any CPU
		{C0D677A5-2B49-BAAE-F4A0-9F8F8966BA48}.Release|Any CPU.Build.0 = Release|Any CPU
		{5FB6E135-4FCA-4540-B75D-356DCF636CCB}.Debug|Any CPU.ActiveCfg = Debug|Any CPU
		{5FB6E135-4FCA-4540-B75D-356DCF636CCB}.Debug|Any CPU.Build.0 = Debug|Any CPU
		{5FB6E135-4FCA-4540-B75D-356DCF636CCB}.Release|Any CPU.ActiveCfg = Release|Any CPU
		{5FB6E135-4FCA-4540-B75D-356DCF636CCB}.Release|Any CPU.Build.0 = Release|Any CPU
	EndGlobalSection
	GlobalSection(SolutionProperties) = preSolution
		HideSolutionNode = FALSE
	EndGlobalSection
	GlobalSection(NestedProjects) = preSolution
		{8D05C368-5A7B-C701-5684-8454B98E23AF} = {02EA681E-C7D8-13C7-8484-4AC65E1B71E8}
		{C0D677A5-2B49-BAAE-F4A0-9F8F8966BA48} = {02EA681E-C7D8-13C7-8484-4AC65E1B71E8}
		{5FB6E135-4FCA-4540-B75D-356DCF636CCB} = {02EA681E-C7D8-13C7-8484-4AC65E1B71E8}
	EndGlobalSection
	GlobalSection(ExtensibilityGlobals) = postSolution
		SolutionGuid = {50230EB0-B824-48EA-8B1A-DCB4961FE7D5}
	EndGlobalSection
EndGlobal
